
Microsoft Visual Studio Solution File, Format Version 12.00
# Visual Studio Version 16
VisualStudioVersion = 16.0.28822.285
MinimumVisualStudioVersion = 10.0.40219.1
Project("{FAE04EC0-301F-11D3-BF4B-00C04F79EFBC}") = "BlazorTest", "BlazorTest.csproj", "{82D2730A-633D-486C-899A-54C20C52A39F}"
EndProject
Global
	GlobalSection(SolutionConfigurationPlatforms) = preSolution
		Debug|Any CPU = Debug|Any CPU
		Release|Any CPU = Release|Any CPU
	EndGlobalSection
	GlobalSection(ProjectConfigurationPlatforms) = postSolution
		{82D2730A-633D-486C-899A-54C20C52A39F}.Debug|Any CPU.ActiveCfg = Debug|Any CPU
		{82D2730A-633D-486C-899A-54C20C52A39F}.Debug|Any CPU.Build.0 = Debug|Any CPU
		{82D2730A-633D-486C-899A-54C20C52A39F}.Release|Any CPU.ActiveCfg = Release|Any CPU
		{82D2730A-633D-486C-899A-54C20C52A39F}.Release|Any CPU.Build.0 = Release|Any CPU
	EndGlobalSection
	GlobalSection(SolutionProperties) = preSolution
		HideSolutionNode = FALSE
	EndGlobalSection
	GlobalSection(ExtensibilityGlobals) = postSolution
		SolutionGuid = {379F23F7-B12D-4C67-9385-CABCDD5AA44F}
	EndGlobalSection
EndGlobal
